
Microsoft Visual Studio Solution File, Format Version 12.00
# Visual Studio Version 16
VisualStudioVersion = 16.0.30907.101
MinimumVisualStudioVersion = 10.0.40219.1
Project("{9A19103F-16F7-4668-BE54-9A1E7A4F7556}") = "Shelland.ImageServer", "Shelland.ImageServer\Shelland.ImageServer.csproj", "{981BC948-3C56-4DC0-8CF8-FD9CBD8267D3}"
EndProject
Project("{2150E333-8FDC-42A3-9474-1A3956D46DE8}") = "Modules", "Modules", "{7AA58758-D58E-45EA-82F9-6ED53C1D5AB0}"
EndProject
Project("{9A19103F-16F7-4668-BE54-9A1E7A4F7556}") = "Shelland.ImageServer.Core", "Shelland.ImageServer.Core\Shelland.ImageServer.Core.csproj", "{E029D101-9975-421E-99EB-E025B003636C}"
EndProject
Project("{9A19103F-16F7-4668-BE54-9A1E7A4F7556}") = "Shelland.ImageServer.AppServices", "Shelland.ImageServer.AppServices\Shelland.ImageServer.AppServices.csproj", "{157D1C0E-7350-424F-BA46-C2C1CAB8C735}"
EndProject
Project("{9A19103F-16F7-4668-BE54-9A1E7A4F7556}") = "Shelland.ImageServer.DataAccess", "Shelland.ImageServer.DataAccess\Shelland.ImageServer.DataAccess.csproj", "{5F29D04E-64A0-411F-8AC0-B013F46FB605}"
EndProject
Project("{2150E333-8FDC-42A3-9474-1A3956D46DE8}") = "Misc", "Misc", "{166E3EBF-0046-4D21-8729-A27E93F571C2}"
	ProjectSection(SolutionItems) = preProject
		..\README.md = ..\README.md
	EndProjectSection
EndProject
Project("{2150E333-8FDC-42A3-9474-1A3956D46DE8}") = "Demo", "Demo", "{A45E49F6-4D51-44A9-B050-885FC420E750}"
EndProject
Project("{9A19103F-16F7-4668-BE54-9A1E7A4F7556}") = "ImageServerDemo", "..\demo\ImageServerDemo\ImageServerDemo.csproj", "{130F921A-4646-459C-9112-8589DDE01EEE}"
EndProject
Global
	GlobalSection(SolutionConfigurationPlatforms) = preSolution
		Debug|Any CPU = Debug|Any CPU
		Debug|x64 = Debug|x64
		Release|Any CPU = Release|Any CPU
		Release|x64 = Release|x64
	EndGlobalSection
	GlobalSection(ProjectConfigurationPlatforms) = postSolution
		{981BC948-3C56-4DC0-8CF8-FD9CBD8267D3}.Debug|Any CPU.ActiveCfg = Debug|Any CPU
		{981BC948-3C56-4DC0-8CF8-FD9CBD8267D3}.Debug|Any CPU.Build.0 = Debug|Any CPU
		{981BC948-3C56-4DC0-8CF8-FD9CBD8267D3}.Debug|x64.ActiveCfg = Debug|x64
		{981BC948-3C56-4DC0-8CF8-FD9CBD8267D3}.Debug|x64.Build.0 = Debug|x64
		{981BC948-3C56-4DC0-8CF8-FD9CBD8267D3}.Release|Any CPU.ActiveCfg = Release|Any CPU
		{981BC948-3C56-4DC0-8CF8-FD9CBD8267D3}.Release|Any CPU.Build.0 = Release|Any CPU
		{981BC948-3C56-4DC0-8CF8-FD9CBD8267D3}.Release|x64.ActiveCfg = Release|x64
		{981BC948-3C56-4DC0-8CF8-FD9CBD8267D3}.Release|x64.Build.0 = Release|x64
		{E029D101-9975-421E-99EB-E025B003636C}.Debug|Any CPU.ActiveCfg = Debug|Any CPU
		{E029D101-9975-421E-99EB-E025B003636C}.Debug|Any CPU.Build.0 = Debug|Any CPU
		{E029D101-9975-421E-99EB-E025B003636C}.Debug|x64.ActiveCfg = Debug|x64
		{E029D101-9975-421E-99EB-E025B003636C}.Debug|x64.Build.0 = Debug|x64
		{E029D101-9975-421E-99EB-E025B003636C}.Release|Any CPU.ActiveCfg = Release|Any CPU
		{E029D101-9975-421E-99EB-E025B003636C}.Release|Any CPU.Build.0 = Release|Any CPU
		{E029D101-9975-421E-99EB-E025B003636C}.Release|x64.ActiveCfg = Release|x64
		{E029D101-9975-421E-99EB-E025B003636C}.Release|x64.Build.0 = Release|x64
		{157D1C0E-7350-424F-BA46-C2C1CAB8C735}.Debug|Any CPU.ActiveCfg = Debug|Any CPU
		{157D1C0E-7350-424F-BA46-C2C1CAB8C735}.Debug|Any CPU.Build.0 = Debug|Any CPU
		{157D1C0E-7350-424F-BA46-C2C1CAB8C735}.Debug|x64.ActiveCfg = Debug|x64
		{157D1C0E-7350-424F-BA46-C2C1CAB8C735}.Debug|x64.Build.0 = Debug|x64
		{157D1C0E-7350-424F-BA46-C2C1CAB8C735}.Release|Any CPU.ActiveCfg = Release|Any CPU
		{157D1C0E-7350-424F-BA46-C2C1CAB8C735}.Release|Any CPU.Build.0 = Release|Any CPU
		{157D1C0E-7350-424F-BA46-C2C1CAB8C735}.Release|x64.ActiveCfg = Release|x64
		{157D1C0E-7350-424F-BA46-C2C1CAB8C735}.Release|x64.Build.0 = Release|x64
		{5F29D04E-64A0-411F-8AC0-B013F46FB605}.Debug|Any CPU.ActiveCfg = Debug|Any CPU
		{5F29D04E-64A0-411F-8AC0-B013F46FB605}.Debug|Any CPU.Build.0 = Debug|Any CPU
		{5F29D04E-64A0-411F-8AC0-B013F46FB605}.Debug|x64.ActiveCfg = Debug|x64
		{5F29D04E-64A0-411F-8AC0-B013F46FB605}.Debug|x64.Build.0 = Debug|x64
		{5F29D04E-64A0-411F-8AC0-B013F46FB605}.Release|Any CPU.ActiveCfg = Release|Any CPU
		{5F29D04E-64A0-411F-8AC0-B013F46FB605}.Release|Any CPU.Build.0 = Release|Any CPU
		{5F29D04E-64A0-411F-8AC0-B013F46FB605}.Release|x64.ActiveCfg = Release|x64
		{5F29D04E-64A0-411F-8AC0-B013F46FB605}.Release|x64.Build.0 = Release|x64
		{130F921A-4646-459C-9112-8589DDE01EEE}.Debug|Any CPU.ActiveCfg = Debug|Any CPU
		{130F921A-4646-459C-9112-8589DDE01EEE}.Debug|Any CPU.Build.0 = Debug|Any CPU
		{130F921A-4646-459C-9112-8589DDE01EEE}.Debug|x64.ActiveCfg = Debug|x64
		{130F921A-4646-459C-9112-8589DDE01EEE}.Debug|x64.Build.0 = Debug|x64
		{130F921A-4646-459C-9112-8589DDE01EEE}.Release|Any CPU.ActiveCfg = Release|Any CPU
		{130F921A-4646-459C-9112-8589DDE01EEE}.Release|Any CPU.Build.0 = Release|Any CPU
		{130F921A-4646-459C-9112-8589DDE01EEE}.Release|x64.ActiveCfg = Release|x64
		{130F921A-4646-459C-9112-8589DDE01EEE}.Release|x64.Build.0 = Release|x64
	EndGlobalSection
	GlobalSection(SolutionProperties) = preSolution
		HideSolutionNode = FALSE
	EndGlobalSection
	GlobalSection(NestedProjects) = preSolution
		{E029D101-9975-421E-99EB-E025B003636C} = {7AA58758-D58E-45EA-82F9-6ED53C1D5AB0}
		{157D1C0E-7350-424F-BA46-C2C1CAB8C735} = {7AA58758-D58E-45EA-82F9-6ED53C1D5AB0}
		{5F29D04E-64A0-411F-8AC0-B013F46FB605} = {7AA58758-D58E-45EA-82F9-6ED53C1D5AB0}
		{130F921A-4646-459C-9112-8589DDE01EEE} = {A45E49F6-4D51-44A9-B050-885FC420E750}
	EndGlobalSection
	GlobalSection(ExtensibilityGlobals) = postSolution
		SolutionGuid = {4CDE9149-E386-4291-80E4-6B5E9BF28B19}
	EndGlobalSection
EndGlobal
